
Microsoft Visual Studio Solution File, Format Version 12.00
# Visual Studio Version 17
VisualStudioVersion = 17.0.31903.59
MinimumVisualStudioVersion = 10.0.40219.1
Project("{FAE04EC0-301F-11D3-BF4B-00C04F79EFBC}") = "Domain", "Domain\Domain.csproj", "{AC4B6477-CF31-411B-A781-58F3FBA07F58}"
EndProject
Project("{FAE04EC0-301F-11D3-BF4B-00C04F79EFBC}") = "Persistence", "Persistence\Persistence.csproj", "{FF8D9B09-0C92-4E21-B1F0-32B6F6392AA7}"
EndProject
Project("{FAE04EC0-301F-11D3-BF4B-00C04F79EFBC}") = "API", "API\API.csproj", "{C4DC0E0B-8F09-4630-ACB6-CC1BC3D2515F}"
EndProject
Global
	GlobalSection(SolutionConfigurationPlatforms) = preSolution
		Debug|Any CPU = Debug|Any CPU
		Release|Any CPU = Release|Any CPU
	EndGlobalSection
	GlobalSection(SolutionProperties) = preSolution
		HideSolutionNode = FALSE
	EndGlobalSection
	GlobalSection(ProjectConfigurationPlatforms) = postSolution
		{AC4B6477-CF31-411B-A781-58F3FBA07F58}.Debug|Any CPU.ActiveCfg = Debug|Any CPU
		{AC4B6477-CF31-411B-A781-58F3FBA07F58}.Debug|Any CPU.Build.0 = Debug|Any CPU
		{AC4B6477-CF31-411B-A781-58F3FBA07F58}.Release|Any CPU.ActiveCfg = Release|Any CPU
		{AC4B6477-CF31-411B-A781-58F3FBA07F58}.Release|Any CPU.Build.0 = Release|Any CPU
		{FF8D9B09-0C92-4E21-B1F0-32B6F6392AA7}.Debug|Any CPU.ActiveCfg = Debug|Any CPU
		{FF8D9B09-0C92-4E21-B1F0-32B6F6392AA7}.Debug|Any CPU.Build.0 = Debug|Any CPU
		{FF8D9B09-0C92-4E21-B1F0-32B6F6392AA7}.Release|Any CPU.ActiveCfg = Release|Any CPU
		{FF8D9B09-0C92-4E21-B1F0-32B6F6392AA7}.Release|Any CPU.Build.0 = Release|Any CPU
		{C4DC0E0B-8F09-4630-ACB6-CC1BC3D2515F}.Debug|Any CPU.ActiveCfg = Debug|Any CPU
		{C4DC0E0B-8F09-4630-ACB6-CC1BC3D2515F}.Debug|Any CPU.Build.0 = Debug|Any CPU
		{C4DC0E0B-8F09-4630-ACB6-CC1BC3D2515F}.Release|Any CPU.ActiveCfg = Release|Any CPU
		{C4DC0E0B-8F09-4630-ACB6-CC1BC3D2515F}.Release|Any CPU.Build.0 = Release|Any CPU
	EndGlobalSection
EndGlobal
